// !$*UTF8*$!
{
	archiveVersion = 1;
	classes = {
	};
	objectVersion = 50;
	objects = {

/* Begin PBXBuildFile section */
		1F96F6422353D82F003CA209 /* AppDelegate.swift in Sources */ = {isa = PBXBuildFile; fileRef = 1F96F6412353D82F003CA209 /* AppDelegate.swift */; };
		1F96F6442353D82F003CA209 /* SceneDelegate.swift in Sources */ = {isa = PBXBuildFile; fileRef = 1F96F6432353D82F003CA209 /* SceneDelegate.swift */; };
		1F96F6462353D82F003CA209 /* ContentView.swift in Sources */ = {isa = PBXBuildFile; fileRef = 1F96F6452353D82F003CA209 /* ContentView.swift */; };
		1F96F6482353D833003CA209 /* Assets.xcassets in Resources */ = {isa = PBXBuildFile; fileRef = 1F96F6472353D833003CA209 /* Assets.xcassets */; };
		1F96F64B2353D833003CA209 /* Preview Assets.xcassets in Resources */ = {isa = PBXBuildFile; fileRef = 1F96F64A2353D833003CA209 /* Preview Assets.xcassets */; };
		1F96F64E2353D833003CA209 /* LaunchScreen.storyboard in Resources */ = {isa = PBXBuildFile; fileRef = 1F96F64C2353D833003CA209 /* LaunchScreen.storyboard */; };
		1F96F6592353D833003CA209 /* SwiftUI_ExamplesTests.swift in Sources */ = {isa = PBXBuildFile; fileRef = 1F96F6582353D833003CA209 /* SwiftUI_ExamplesTests.swift */; };
		1F96F6642353D833003CA209 /* SwiftUI_ExamplesUITests.swift in Sources */ = {isa = PBXBuildFile; fileRef = 1F96F6632353D833003CA209 /* SwiftUI_ExamplesUITests.swift */; };
		1F96F6722353D8A0003CA209 /* StateExampleView.swift in Sources */ = {isa = PBXBuildFile; fileRef = 1F96F6712353D8A0003CA209 /* StateExampleView.swift */; };
		1F96F6762353E6D8003CA209 /* UserSettings.swift in Sources */ = {isa = PBXBuildFile; fileRef = 1F96F6752353E6D8003CA209 /* UserSettings.swift */; };
		1F96F6782353E71A003CA209 /* EnvironmentObjectExampleView.swift in Sources */ = {isa = PBXBuildFile; fileRef = 1F96F6772353E71A003CA209 /* EnvironmentObjectExampleView.swift */; };
		1F96F67A2353EB77003CA209 /* BindingExampleView.swift in Sources */ = {isa = PBXBuildFile; fileRef = 1F96F6792353EB77003CA209 /* BindingExampleView.swift */; };
		1F96F67E235502CC003CA209 /* SimpleListView.swift in Sources */ = {isa = PBXBuildFile; fileRef = 1F96F67D235502CC003CA209 /* SimpleListView.swift */; };
		1F96F68023550387003CA209 /* Models.swift in Sources */ = {isa = PBXBuildFile; fileRef = 1F96F67F23550387003CA209 /* Models.swift */; };
		1F96F68223550DE6003CA209 /* SimpleListViewModel.swift in Sources */ = {isa = PBXBuildFile; fileRef = 1F96F68123550DE6003CA209 /* SimpleListViewModel.swift */; };
/* End PBXBuildFile section */

/* Begin PBXContainerItemProxy section */
		1F96F6552353D833003CA209 /* PBXContainerItemProxy */ = {
			isa = PBXContainerItemProxy;
			containerPortal = 1F96F6362353D82F003CA209 /* Project object */;
			proxyType = 1;
			remoteGlobalIDString = 1F96F63D2353D82F003CA209;
			remoteInfo = "SwiftUI-Examples";
		};
		1F96F6602353D833003CA209 /* PBXContainerItemProxy */ = {
			isa = PBXContainerItemProxy;
			containerPortal = 1F96F6362353D82F003CA209 /* Project object */;
			proxyType = 1;
			remoteGlobalIDString = 1F96F63D2353D82F003CA209;
			remoteInfo = "SwiftUI-Examples";
		};
/* End PBXContainerItemProxy section */

/* Begin PBXFileReference section */
		1F96F63E2353D82F003CA209 /* SwiftUI-Examples.app */ = {isa = PBXFileReference; explicitFileType = wrapper.application; includeInIndex = 0; path = "SwiftUI-Examples.app"; sourceTree = BUILT_PRODUCTS_DIR; };
		1F96F6412353D82F003CA209 /* AppDelegate.swift */ = {isa = PBXFileReference; lastKnownFileType = sourcecode.swift; path = AppDelegate.swift; sourceTree = "<group>"; };
		1F96F6432353D82F003CA209 /* SceneDelegate.swift */ = {isa = PBXFileReference; lastKnownFileType = sourcecode.swift; path = SceneDelegate.swift; sourceTree = "<group>"; };
		1F96F6452353D82F003CA209 /* ContentView.swift */ = {isa = PBXFileReference; lastKnownFileType = sourcecode.swift; path = ContentView.swift; sourceTree = "<group>"; };
		1F96F6472353D833003CA209 /* Assets.xcassets */ = {isa = PBXFileReference; lastKnownFileType = folder.assetcatalog; path = Assets.xcassets; sourceTree = "<group>"; };
		1F96F64A2353D833003CA209 /* Preview Assets.xcassets */ = {isa = PBXFileReference; lastKnownFileType = folder.assetcatalog; path = "Preview Assets.xcassets"; sourceTree = "<group>"; };
		1F96F64D2353D833003CA209 /* Base */ = {isa = PBXFileReference; lastKnownFileType = file.storyboard; name = Base; path = Base.lproj/LaunchScreen.storyboard; sourceTree = "<group>"; };
		1F96F64F2353D833003CA209 /* Info.plist */ = {isa = PBXFileReference; lastKnownFileType = text.plist.xml; path = Info.plist; sourceTree = "<group>"; };
		1F96F6542353D833003CA209 /* SwiftUI-ExamplesTests.xctest */ = {isa = PBXFileReference; explicitFileType = wrapper.cfbundle; includeInIndex = 0; path = "SwiftUI-ExamplesTests.xctest"; sourceTree = BUILT_PRODUCTS_DIR; };
		1F96F6582353D833003CA209 /* SwiftUI_ExamplesTests.swift */ = {isa = PBXFileReference; lastKnownFileType = sourcecode.swift; path = SwiftUI_ExamplesTests.swift; sourceTree = "<group>"; };
		1F96F65A2353D833003CA209 /* Info.plist */ = {isa = PBXFileReference; lastKnownFileType = text.plist.xml; path = Info.plist; sourceTree = "<group>"; };
		1F96F65F2353D833003CA209 /* SwiftUI-ExamplesUITests.xctest */ = {isa = PBXFileReference; explicitFileType = wrapper.cfbundle; includeInIndex = 0; path = "SwiftUI-ExamplesUITests.xctest"; sourceTree = BUILT_PRODUCTS_DIR; };
		1F96F6632353D833003CA209 /* SwiftUI_ExamplesUITests.swift */ = {isa = PBXFileReference; lastKnownFileType = sourcecode.swift; path = SwiftUI_ExamplesUITests.swift; sourceTree = "<group>"; };
		1F96F6652353D833003CA209 /* Info.plist */ = {isa = PBXFileReference; lastKnownFileType = text.plist.xml; path = Info.plist; sourceTree = "<group>"; };
		1F96F6712353D8A0003CA209 /* StateExampleView.swift */ = {isa = PBXFileReference; lastKnownFileType = sourcecode.swift; path = StateExampleView.swift; sourceTree = "<group>"; };
		1F96F6752353E6D8003CA209 /* UserSettings.swift */ = {isa = PBXFileReference; lastKnownFileType = sourcecode.swift; path = UserSettings.swift; sourceTree = "<group>"; };
		1F96F6772353E71A003CA209 /* EnvironmentObjectExampleView.swift */ = {isa = PBXFileReference; lastKnownFileType = sourcecode.swift; path = EnvironmentObjectExampleView.swift; sourceTree = "<group>"; };
		1F96F6792353EB77003CA209 /* BindingExampleView.swift */ = {isa = PBXFileReference; lastKnownFileType = sourcecode.swift; path = BindingExampleView.swift; sourceTree = "<group>"; };
		1F96F67D235502CC003CA209 /* SimpleListView.swift */ = {isa = PBXFileReference; lastKnownFileType = sourcecode.swift; path = SimpleListView.swift; sourceTree = "<group>"; };
		1F96F67F23550387003CA209 /* Models.swift */ = {isa = PBXFileReference; lastKnownFileType = sourcecode.swift; path = Models.swift; sourceTree = "<group>"; };
		1F96F68123550DE6003CA209 /* SimpleListViewModel.swift */ = {isa = PBXFileReference; lastKnownFileType = sourcecode.swift; path = SimpleListViewModel.swift; sourceTree = "<group>"; };
/* End PBXFileReference section */

/* Begin PBXFrameworksBuildPhase section */
		1F96F63B2353D82F003CA209 /* Frameworks */ = {
			isa = PBXFrameworksBuildPhase;
			buildActionMask = 2147483647;
			files = (
			);
			runOnlyForDeploymentPostprocessing = 0;
		};
		1F96F6512353D833003CA209 /* Frameworks */ = {
			isa = PBXFrameworksBuildPhase;
			buildActionMask = 2147483647;
			files = (
			);
			runOnlyForDeploymentPostprocessing = 0;
		};
		1F96F65C2353D833003CA209 /* Frameworks */ = {
			isa = PBXFrameworksBuildPhase;
			buildActionMask = 2147483647;
			files = (
			);
			runOnlyForDeploymentPostprocessing = 0;
		};
/* End PBXFrameworksBuildPhase section */

/* Begin PBXGroup section */
		1F96F6352353D82F003CA209 = {
			isa = PBXGroup;
			children = (
				1F96F6402353D82F003CA209 /* SwiftUI-Examples */,
				1F96F6572353D833003CA209 /* SwiftUI-ExamplesTests */,
				1F96F6622353D833003CA209 /* SwiftUI-ExamplesUITests */,
				1F96F63F2353D82F003CA209 /* Products */,
			);
			sourceTree = "<group>";
		};
		1F96F63F2353D82F003CA209 /* Products */ = {
			isa = PBXGroup;
			children = (
				1F96F63E2353D82F003CA209 /* SwiftUI-Examples.app */,
				1F96F6542353D833003CA209 /* SwiftUI-ExamplesTests.xctest */,
				1F96F65F2353D833003CA209 /* SwiftUI-ExamplesUITests.xctest */,
			);
			name = Products;
			sourceTree = "<group>";
		};
		1F96F6402353D82F003CA209 /* SwiftUI-Examples */ = {
			isa = PBXGroup;
			children = (
				1F96F6742353E6BD003CA209 /* Views */,
				1F96F6732353E6B3003CA209 /* Objects */,
				1F96F6412353D82F003CA209 /* AppDelegate.swift */,
				1F96F6432353D82F003CA209 /* SceneDelegate.swift */,
				1F96F6452353D82F003CA209 /* ContentView.swift */,
				1F96F6472353D833003CA209 /* Assets.xcassets */,
				1F96F64C2353D833003CA209 /* LaunchScreen.storyboard */,
				1F96F64F2353D833003CA209 /* Info.plist */,
				1F96F6492353D833003CA209 /* Preview Content */,
			);
			path = "SwiftUI-Examples";
			sourceTree = "<group>";
		};
		1F96F6492353D833003CA209 /* Preview Content */ = {
			isa = PBXGroup;
			children = (
				1F96F64A2353D833003CA209 /* Preview Assets.xcassets */,
			);
			path = "Preview Content";
			sourceTree = "<group>";
		};
		1F96F6572353D833003CA209 /* SwiftUI-ExamplesTests */ = {
			isa = PBXGroup;
			children = (
				1F96F6582353D833003CA209 /* SwiftUI_ExamplesTests.swift */,
				1F96F65A2353D833003CA209 /* Info.plist */,
			);
			path = "SwiftUI-ExamplesTests";
			sourceTree = "<group>";
		};
		1F96F6622353D833003CA209 /* SwiftUI-ExamplesUITests */ = {
			isa = PBXGroup;
			children = (
				1F96F6632353D833003CA209 /* SwiftUI_ExamplesUITests.swift */,
				1F96F6652353D833003CA209 /* Info.plist */,
			);
			path = "SwiftUI-ExamplesUITests";
			sourceTree = "<group>";
		};
		1F96F6732353E6B3003CA209 /* Objects */ = {
			isa = PBXGroup;
			children = (
				1F96F6752353E6D8003CA209 /* UserSettings.swift */,
				1F96F67F23550387003CA209 /* Models.swift */,
				1F96F68123550DE6003CA209 /* SimpleListViewModel.swift */,
			);
			path = Objects;
			sourceTree = "<group>";
		};
		1F96F6742353E6BD003CA209 /* Views */ = {
			isa = PBXGroup;
			children = (
				1F96F6712353D8A0003CA209 /* StateExampleView.swift */,
				1F96F6772353E71A003CA209 /* EnvironmentObjectExampleView.swift */,
				1F96F6792353EB77003CA209 /* BindingExampleView.swift */,
				1F96F67D235502CC003CA209 /* SimpleListView.swift */,
			);
			path = Views;
			sourceTree = "<group>";
		};
/* End PBXGroup section */

/* Begin PBXNativeTarget section */
		1F96F63D2353D82F003CA209 /* SwiftUI-Examples */ = {
			isa = PBXNativeTarget;
			buildConfigurationList = 1F96F6682353D833003CA209 /* Build configuration list for PBXNativeTarget "SwiftUI-Examples" */;
			buildPhases = (
				1F96F63A2353D82F003CA209 /* Sources */,
				1F96F63B2353D82F003CA209 /* Frameworks */,
				1F96F63C2353D82F003CA209 /* Resources */,
			);
			buildRules = (
			);
			dependencies = (
			);
			name = "SwiftUI-Examples";
			productName = "SwiftUI-Examples";
			productReference = 1F96F63E2353D82F003CA209 /* SwiftUI-Examples.app */;
			productType = "com.apple.product-type.application";
		};
		1F96F6532353D833003CA209 /* SwiftUI-ExamplesTests */ = {
			isa = PBXNativeTarget;
			buildConfigurationList = 1F96F66B2353D833003CA209 /* Build configuration list for PBXNativeTarget "SwiftUI-ExamplesTests" */;
			buildPhases = (
				1F96F6502353D833003CA209 /* Sources */,
				1F96F6512353D833003CA209 /* Frameworks */,
				1F96F6522353D833003CA209 /* Resources */,
			);
			buildRules = (
			);
			dependencies = (
				1F96F6562353D833003CA209 /* PBXTargetDependency */,
			);
			name = "SwiftUI-ExamplesTests";
			productName = "SwiftUI-ExamplesTests";
			productReference = 1F96F6542353D833003CA209 /* SwiftUI-ExamplesTests.xctest */;
			productType = "com.apple.product-type.bundle.unit-test";
		};
		1F96F65E2353D833003CA209 /* SwiftUI-ExamplesUITests */ = {
			isa = PBXNativeTarget;
			buildConfigurationList = 1F96F66E2353D833003CA209 /* Build configuration list for PBXNativeTarget "SwiftUI-ExamplesUITests" */;
			buildPhases = (
				1F96F65B2353D833003CA209 /* Sources */,
				1F96F65C2353D833003CA209 /* Frameworks */,
				1F96F65D2353D833003CA209 /* Resources */,
			);
			buildRules = (
			);
			dependencies = (
				1F96F6612353D833003CA209 /* PBXTargetDependency */,
			);
			name = "SwiftUI-ExamplesUITests";
			productName = "SwiftUI-ExamplesUITests";
			productReference = 1F96F65F2353D833003CA209 /* SwiftUI-ExamplesUITests.xctest */;
			productType = "com.apple.product-type.bundle.ui-testing";
		};
/* End PBXNativeTarget section */

/* Begin PBXProject section */
		1F96F6362353D82F003CA209 /* Project object */ = {
			isa = PBXProject;
			attributes = {
				LastSwiftUpdateCheck = 1100;
				LastUpgradeCheck = 1100;
				ORGANIZATIONNAME = "Chinyiu Chau";
				TargetAttributes = {
					1F96F63D2353D82F003CA209 = {
						CreatedOnToolsVersion = 11.0;
					};
					1F96F6532353D833003CA209 = {
						CreatedOnToolsVersion = 11.0;
						TestTargetID = 1F96F63D2353D82F003CA209;
					};
					1F96F65E2353D833003CA209 = {
						CreatedOnToolsVersion = 11.0;
						TestTargetID = 1F96F63D2353D82F003CA209;
					};
				};
			};
			buildConfigurationList = 1F96F6392353D82F003CA209 /* Build configuration list for PBXProject "SwiftUI-Examples" */;
			compatibilityVersion = "Xcode 9.3";
			developmentRegion = en;
			hasScannedForEncodings = 0;
			knownRegions = (
				en,
				Base,
			);
			mainGroup = 1F96F6352353D82F003CA209;
			productRefGroup = 1F96F63F2353D82F003CA209 /* Products */;
			projectDirPath = "";
			projectRoot = "";
			targets = (
				1F96F63D2353D82F003CA209 /* SwiftUI-Examples */,
				1F96F6532353D833003CA209 /* SwiftUI-ExamplesTests */,
				1F96F65E2353D833003CA209 /* SwiftUI-ExamplesUITests */,
			);
		};
/* End PBXProject section */

/* Begin PBXResourcesBuildPhase section */
		1F96F63C2353D82F003CA209 /* Resources */ = {
			isa = PBXResourcesBuildPhase;
			buildActionMask = 2147483647;
			files = (
				1F96F64E2353D833003CA209 /* LaunchScreen.storyboard in Resources */,
				1F96F64B2353D833003CA209 /* Preview Assets.xcassets in Resources */,
				1F96F6482353D833003CA209 /* Assets.xcassets in Resources */,
			);
			runOnlyForDeploymentPostprocessing = 0;
		};
		1F96F6522353D833003CA209 /* Resources */ = {
			isa = PBXResourcesBuildPhase;
			buildActionMask = 2147483647;
			files = (
			);
			runOnlyForDeploymentPostprocessing = 0;
		};
		1F96F65D2353D833003CA209 /* Resources */ = {
			isa = PBXResourcesBuildPhase;
			buildActionMask = 2147483647;
			files = (
			);
			runOnlyForDeploymentPostprocessing = 0;
		};
/* End PBXResourcesBuildPhase section */

/* Begin PBXSourcesBuildPhase section */
		1F96F63A2353D82F003CA209 /* Sources */ = {
			isa = PBXSourcesBuildPhase;
			buildActionMask = 2147483647;
			files = (
				1F96F68223550DE6003CA209 /* SimpleListViewModel.swift in Sources */,
				1F96F67E235502CC003CA209 /* SimpleListView.swift in Sources */,
				1F96F6422353D82F003CA209 /* AppDelegate.swift in Sources */,
				1F96F67A2353EB77003CA209 /* BindingExampleView.swift in Sources */,
				1F96F6722353D8A0003CA209 /* StateExampleView.swift in Sources */,
				1F96F6442353D82F003CA209 /* SceneDelegate.swift in Sources */,
				1F96F6762353E6D8003CA209 /* UserSettings.swift in Sources */,
				1F96F68023550387003CA209 /* Models.swift in Sources */,
				1F96F6782353E71A003CA209 /* EnvironmentObjectExampleView.swift in Sources */,
				1F96F6462353D82F003CA209 /* ContentView.swift in Sources */,
			);
			runOnlyForDeploymentPostprocessing = 0;
		};
		1F96F6502353D833003CA209 /* Sources */ = {
			isa = PBXSourcesBuildPhase;
			buildActionMask = 2147483647;
			files = (
				1F96F6592353D833003CA209 /* SwiftUI_ExamplesTests.swift in Sources */,
			);
			runOnlyForDeploymentPostprocessing = 0;
		};
		1F96F65B2353D833003CA209 /* Sources */ = {
			isa = PBXSourcesBuildPhase;
			buildActionMask = 2147483647;
			files = (
				1F96F6642353D833003CA209 /* SwiftUI_ExamplesUITests.swift in Sources */,
			);
			runOnlyForDeploymentPostprocessing = 0;
		};
/* End PBXSourcesBuildPhase section */

/* Begin PBXTargetDependency section */
		1F96F6562353D833003CA209 /* PBXTargetDependency */ = {
			isa = PBXTargetDependency;
			target = 1F96F63D2353D82F003CA209 /* SwiftUI-Examples */;
			targetProxy = 1F96F6552353D833003CA209 /* PBXContainerItemProxy */;
		};
		1F96F6612353D833003CA209 /* PBXTargetDependency */ = {
			isa = PBXTargetDependency;
			target = 1F96F63D2353D82F003CA209 /* SwiftUI-Examples */;
			targetProxy = 1F96F6602353D833003CA209 /* PBXContainerItemProxy */;
		};
/* End PBXTargetDependency section */

/* Begin PBXVariantGroup section */
		1F96F64C2353D833003CA209 /* LaunchScreen.storyboard */ = {
			isa = PBXVariantGroup;
			children = (
				1F96F64D2353D833003CA209 /* Base */,
			);
			name = LaunchScreen.storyboard;
			sourceTree = "<group>";
		};
/* End PBXVariantGroup section */

/* Begin XCBuildConfiguration section */
		1F96F6662353D833003CA209 /* Debug */ = {
			isa = XCBuildConfiguration;
			buildSettings = {
				ALWAYS_SEARCH_USER_PATHS = NO;
				CLANG_ANALYZER_NONNULL = YES;
				CLANG_ANALYZER_NUMBER_OBJECT_CONVERSION = YES_AGGRESSIVE;
				CLANG_CXX_LANGUAGE_STANDARD = "gnu++14";
				CLANG_CXX_LIBRARY = "libc++";
				CLANG_ENABLE_MODULES = YES;
				CLANG_ENABLE_OBJC_ARC = YES;
				CLANG_ENABLE_OBJC_WEAK = YES;
				CLANG_WARN_BLOCK_CAPTURE_AUTORELEASING = YES;
				CLANG_WARN_BOOL_CONVERSION = YES;
				CLANG_WARN_COMMA = YES;
				CLANG_WARN_CONSTANT_CONVERSION = YES;
				CLANG_WARN_DEPRECATED_OBJC_IMPLEMENTATIONS = YES;
				CLANG_WARN_DIRECT_OBJC_ISA_USAGE = YES_ERROR;
				CLANG_WARN_DOCUMENTATION_COMMENTS = YES;
				CLANG_WARN_EMPTY_BODY = YES;
				CLANG_WARN_ENUM_CONVERSION = YES;
				CLANG_WARN_INFINITE_RECURSION = YES;
				CLANG_WARN_INT_CONVERSION = YES;
				CLANG_WARN_NON_LITERAL_NULL_CONVERSION = YES;
				CLANG_WARN_OBJC_IMPLICIT_RETAIN_SELF = YES;
				CLANG_WARN_OBJC_LITERAL_CONVERSION = YES;
				CLANG_WARN_OBJC_ROOT_CLASS = YES_ERROR;
				CLANG_WARN_RANGE_LOOP_ANALYSIS = YES;
				CLANG_WARN_STRICT_PROTOTYPES = YES;
				CLANG_WARN_SUSPICIOUS_MOVE = YES;
				CLANG_WARN_UNGUARDED_AVAILABILITY = YES_AGGRESSIVE;
				CLANG_WARN_UNREACHABLE_CODE = YES;
				CLANG_WARN__DUPLICATE_METHOD_MATCH = YES;
				COPY_PHASE_STRIP = NO;
				DEBUG_INFORMATION_FORMAT = dwarf;
				ENABLE_STRICT_OBJC_MSGSEND = YES;
				ENABLE_TESTABILITY = YES;
				GCC_C_LANGUAGE_STANDARD = gnu11;
				GCC_DYNAMIC_NO_PIC = NO;
				GCC_NO_COMMON_BLOCKS = YES;
				GCC_OPTIMIZATION_LEVEL = 0;
				GCC_PREPROCESSOR_DEFINITIONS = (
					"DEBUG=1",
					"$(inherited)",
				);
				GCC_WARN_64_TO_32_BIT_CONVERSION = YES;
				GCC_WARN_ABOUT_RETURN_TYPE = YES_ERROR;
				GCC_WARN_UNDECLARED_SELECTOR = YES;
				GCC_WARN_UNINITIALIZED_AUTOS = YES_AGGRESSIVE;
				GCC_WARN_UNUSED_FUNCTION = YES;
				GCC_WARN_UNUSED_VARIABLE = YES;
				IPHONEOS_DEPLOYMENT_TARGET = 13.0;
				MTL_ENABLE_DEBUG_INFO = INCLUDE_SOURCE;
				MTL_FAST_MATH = YES;
				ONLY_ACTIVE_ARCH = YES;
				SDKROOT = iphoneos;
				SWIFT_ACTIVE_COMPILATION_CONDITIONS = DEBUG;
				SWIFT_OPTIMIZATION_LEVEL = "-Onone";
			};
			name = Debug;
		};
		1F96F6672353D833003CA209 /* Release */ = {
			isa = XCBuildConfiguration;
			buildSettings = {
				ALWAYS_SEARCH_USER_PATHS = NO;
				CLANG_ANALYZER_NONNULL = YES;
				CLANG_ANALYZER_NUMBER_OBJECT_CONVERSION = YES_AGGRESSIVE;
				CLANG_CXX_LANGUAGE_STANDARD = "gnu++14";
				CLANG_CXX_LIBRARY = "libc++";
				CLANG_ENABLE_MODULES = YES;
				CLANG_ENABLE_OBJC_ARC = YES;
				CLANG_ENABLE_OBJC_WEAK = YES;
				CLANG_WARN_BLOCK_CAPTURE_AUTORELEASING = YES;
				CLANG_WARN_BOOL_CONVERSION = YES;
				CLANG_WARN_COMMA = YES;
				CLANG_WARN_CONSTANT_CONVERSION = YES;
				CLANG_WARN_DEPRECATED_OBJC_IMPLEMENTATIONS = YES;
				CLANG_WARN_DIRECT_OBJC_ISA_USAGE = YES_ERROR;
				CLANG_WARN_DOCUMENTATION_COMMENTS = YES;
				CLANG_WARN_EMPTY_BODY = YES;
				CLANG_WARN_ENUM_CONVERSION = YES;
				CLANG_WARN_INFINITE_RECURSION = YES;
				CLANG_WARN_INT_CONVERSION = YES;
				CLANG_WARN_NON_LITERAL_NULL_CONVERSION = YES;
				CLANG_WARN_OBJC_IMPLICIT_RETAIN_SELF = YES;
				CLANG_WARN_OBJC_LITERAL_CONVERSION = YES;
				CLANG_WARN_OBJC_ROOT_CLASS = YES_ERROR;
				CLANG_WARN_RANGE_LOOP_ANALYSIS = YES;
				CLANG_WARN_STRICT_PROTOTYPES = YES;
				CLANG_WARN_SUSPICIOUS_MOVE = YES;
				CLANG_WARN_UNGUARDED_AVAILABILITY = YES_AGGRESSIVE;
				CLANG_WARN_UNREACHABLE_CODE = YES;
				CLANG_WARN__DUPLICATE_METHOD_MATCH = YES;
				COPY_PHASE_STRIP = NO;
				DEBUG_INFORMATION_FORMAT = "dwarf-with-dsym";
				ENABLE_NS_ASSERTIONS = NO;
				ENABLE_STRICT_OBJC_MSGSEND = YES;
				GCC_C_LANGUAGE_STANDARD = gnu11;
				GCC_NO_COMMON_BLOCKS = YES;
				GCC_WARN_64_TO_32_BIT_CONVERSION = YES;
				GCC_WARN_ABOUT_RETURN_TYPE = YES_ERROR;
				GCC_WARN_UNDECLARED_SELECTOR = YES;
				GCC_WARN_UNINITIALIZED_AUTOS = YES_AGGRESSIVE;
				GCC_WARN_UNUSED_FUNCTION = YES;
				GCC_WARN_UNUSED_VARIABLE = YES;
				IPHONEOS_DEPLOYMENT_TARGET = 13.0;
				MTL_ENABLE_DEBUG_INFO = NO;
				MTL_FAST_MATH = YES;
				SDKROOT = iphoneos;
				SWIFT_COMPILATION_MODE = wholemodule;
				SWIFT_OPTIMIZATION_LEVEL = "-O";
				VALIDATE_PRODUCT = YES;
			};
			name = Release;
		};
		1F96F6692353D833003CA209 /* Debug */ = {
			isa = XCBuildConfiguration;
			buildSettings = {
				ASSETCATALOG_COMPILER_APPICON_NAME = AppIcon;
				CODE_SIGN_STYLE = Automatic;
				DEVELOPMENT_ASSET_PATHS = "\"SwiftUI-Examples/Preview Content\"";
				DEVELOPMENT_TEAM = 3MY36AZF95;
				ENABLE_PREVIEWS = YES;
				INFOPLIST_FILE = "SwiftUI-Examples/Info.plist";
				LD_RUNPATH_SEARCH_PATHS = (
					"$(inherited)",
					"@executable_path/Frameworks",
				);
				PRODUCT_BUNDLE_IDENTIFIER = "de.ite.SwiftUI-Examples";
				PRODUCT_NAME = "$(TARGET_NAME)";
				SWIFT_VERSION = 5.0;
				TARGETED_DEVICE_FAMILY = "1,2";
			};
			name = Debug;
		};
		1F96F66A2353D833003CA209 /* Release */ = {
			isa = XCBuildConfiguration;
			buildSettings = {
				ASSETCATALOG_COMPILER_APPICON_NAME = AppIcon;
				CODE_SIGN_STYLE = Automatic;
				DEVELOPMENT_ASSET_PATHS = "\"SwiftUI-Examples/Preview Content\"";
				DEVELOPMENT_TEAM = 3MY36AZF95;
				ENABLE_PREVIEWS = YES;
				INFOPLIST_FILE = "SwiftUI-Examples/Info.plist";
				LD_RUNPATH_SEARCH_PATHS = (
					"$(inherited)",
					"@executable_path/Frameworks",
				);
				PRODUCT_BUNDLE_IDENTIFIER = "de.ite.SwiftUI-Examples";
				PRODUCT_NAME = "$(TARGET_NAME)";
				SWIFT_VERSION = 5.0;
				TARGETED_DEVICE_FAMILY = "1,2";
			};
			name = Release;
		};
		1F96F66C2353D833003CA209 /* Debug */ = {
			isa = XCBuildConfiguration;
			buildSettings = {
				ALWAYS_EMBED_SWIFT_STANDARD_LIBRARIES = YES;
				BUNDLE_LOADER = "$(TEST_HOST)";
				CODE_SIGN_STYLE = Automatic;
				DEVELOPMENT_TEAM = 3MY36AZF95;
				INFOPLIST_FILE = "SwiftUI-ExamplesTests/Info.plist";
				IPHONEOS_DEPLOYMENT_TARGET = 13.0;
				LD_RUNPATH_SEARCH_PATHS = (
					"$(inherited)",
					"@executable_path/Frameworks",
					"@loader_path/Frameworks",
				);
				PRODUCT_BUNDLE_IDENTIFIER = "de.ite.SwiftUI-ExamplesTests";
				PRODUCT_NAME = "$(TARGET_NAME)";
				SWIFT_VERSION = 5.0;
				TARGETED_DEVICE_FAMILY = "1,2";
				TEST_HOST = "$(BUILT_PRODUCTS_DIR)/SwiftUI-Examples.app/SwiftUI-Examples";
			};
			name = Debug;
		};
		1F96F66D2353D833003CA209 /* Release */ = {
			isa = XCBuildConfiguration;
			buildSettings = {
				ALWAYS_EMBED_SWIFT_STANDARD_LIBRARIES = YES;
				BUNDLE_LOADER = "$(TEST_HOST)";
				CODE_SIGN_STYLE = Automatic;
				DEVELOPMENT_TEAM = 3MY36AZF95;
				INFOPLIST_FILE = "SwiftUI-ExamplesTests/Info.plist";
				IPHONEOS_DEPLOYMENT_TARGET = 13.0;
				LD_RUNPATH_SEARCH_PATHS = (
					"$(inherited)",
					"@executable_path/Frameworks",
					"@loader_path/Frameworks",
				);
				PRODUCT_BUNDLE_IDENTIFIER = "de.ite.SwiftUI-ExamplesTests";
				PRODUCT_NAME = "$(TARGET_NAME)";
				SWIFT_VERSION = 5.0;
				TARGETED_DEVICE_FAMILY = "1,2";
				TEST_HOST = "$(BUILT_PRODUCTS_DIR)/SwiftUI-Examples.app/SwiftUI-Examples";
			};
			name = Release;
		};
		1F96F66F2353D833003CA209 /* Debug */ = {
			isa = XCBuildConfiguration;
			buildSettings = {
				ALWAYS_EMBED_SWIFT_STANDARD_LIBRARIES = YES;
				CODE_SIGN_STYLE = Automatic;
				DEVELOPMENT_TEAM = 3MY36AZF95;
				INFOPLIST_FILE = "SwiftUI-ExamplesUITests/Info.plist";
				LD_RUNPATH_SEARCH_PATHS = (
					"$(inherited)",
					"@executable_path/Frameworks",
					"@loader_path/Frameworks",
				);
				PRODUCT_BUNDLE_IDENTIFIER = "de.ite.SwiftUI-ExamplesUITests";
				PRODUCT_NAME = "$(TARGET_NAME)";
				SWIFT_VERSION = 5.0;
				TARGETED_DEVICE_FAMILY = "1,2";
				TEST_TARGET_NAME = "SwiftUI-Examples";
			};
			name = Debug;
		};
		1F96F6702353D833003CA209 /* Release */ = {
			isa = XCBuildConfiguration;
			buildSettings = {
				ALWAYS_EMBED_SWIFT_STANDARD_LIBRARIES = YES;
				CODE_SIGN_STYLE = Automatic;
				DEVELOPMENT_TEAM = 3MY36AZF95;
				INFOPLIST_FILE = "SwiftUI-ExamplesUITests/Info.plist";
				LD_RUNPATH_SEARCH_PATHS = (
					"$(inherited)",
					"@executable_path/Frameworks",
					"@loader_path/Frameworks",
				);
				PRODUCT_BUNDLE_IDENTIFIER = "de.ite.SwiftUI-ExamplesUITests";
				PRODUCT_NAME = "$(TARGET_NAME)";
				SWIFT_VERSION = 5.0;
				TARGETED_DEVICE_FAMILY = "1,2";
				TEST_TARGET_NAME = "SwiftUI-Examples";
			};
			name = Release;
		};
/* End XCBuildConfiguration section */

/* Begin XCConfigurationList section */
		1F96F6392353D82F003CA209 /* Build configuration list for PBXProject "SwiftUI-Examples" */ = {
			isa = XCConfigurationList;
			buildConfigurations = (
				1F96F6662353D833003CA209 /* Debug */,
				1F96F6672353D833003CA209 /* Release */,
			);
			defaultConfigurationIsVisible = 0;
			defaultConfigurationName = Release;
		};
		1F96F6682353D833003CA209 /* Build configuration list for PBXNativeTarget "SwiftUI-Examples" */ = {
			isa = XCConfigurationList;
			buildConfigurations = (
				1F96F6692353D833003CA209 /* Debug */,
				1F96F66A2353D833003CA209 /* Release */,
			);
			defaultConfigurationIsVisible = 0;
			defaultConfigurationName = Release;
		};
		1F96F66B2353D833003CA209 /* Build configuration list for PBXNativeTarget "SwiftUI-ExamplesTests" */ = {
			isa = XCConfigurationList;
			buildConfigurations = (
				1F96F66C2353D833003CA209 /* Debug */,
				1F96F66D2353D833003CA209 /* Release */,
			);
			defaultConfigurationIsVisible = 0;
			defaultConfigurationName = Release;
		};
		1F96F66E2353D833003CA209 /* Build configuration list for PBXNativeTarget "SwiftUI-ExamplesUITests" */ = {
			isa = XCConfigurationList;
			buildConfigurations = (
				1F96F66F2353D833003CA209 /* Debug */,
				1F96F6702353D833003CA209 /* Release */,
			);
			defaultConfigurationIsVisible = 0;
			defaultConfigurationName = Release;
		};
/* End XCConfigurationList section */
	};
	rootObject = 1F96F6362353D82F003CA209 /* Project object */;
}
